{
  "nodes": {
    "flake-parts": {
      "inputs": {
        "nixpkgs-lib": "nixpkgs-lib"
      },
      "locked": {
        "lastModified": 1785627969,
        "narHash": "sha256-4dtXQk/NMePegK/nWp5NSeuZKLATItOq61lpEvmXqGw=",
        "owner": "hercules-ci",
        "repo": "flake-parts",
        "rev": "427bf4bd9435fdf21321c8cc628c24efc14c0f7a",
        "type": "github"
      },
      "original": {
        "owner": "hercules-ci",
        "repo": "flake-parts",
        "type": "github"
      }
    },
    "flake-parts_2": {
      "inputs": {
        "nixpkgs-lib": [
          "nixvim",
          "nixvim",
          "nixpkgs"
        ]
      },
      "locked": {
        "lastModified": 1785627969,
        "narHash": "sha256-4dtXQk/NMePegK/nWp5NSeuZKLATItOq61lpEvmXqGw=",
        "owner": "hercules-ci",
        "repo": "flake-parts",
        "rev": "427bf4bd9435fdf21321c8cc628c24efc14c0f7a",
        "type": "github"
      },
      "original": {
        "owner": "hercules-ci",
        "repo": "flake-parts",
        "type": "github"
      }
    },
    "git-hooks": {
      "flake": false,
      "locked": {
        "lastModified": 1787424939,
        "narHash": "sha256-O2tBn84NNuHrnqNVxx/XqsXwfYvS1YwBh+7CBnbCYsk=",
        "owner": "cachix",
        "repo": "git-hooks.nix",
        "rev": "809414f0cdadf82cf11b06c2b29ba9b3168b3297",
        "type": "github"
      },
      "original": {
        "owner": "cachix",
        "repo": "git-hooks.nix",
        "type": "github"
      }
    },
    "home-manager": {
      "inputs": {
        "nixpkgs": [
          "nixpkgs"
        ]
      },
      "locked": {
        "lastModified": 1787797243,
        "narHash": "sha256-8+Q7NOB7RPajRjA4pbCDLzqH+MTjnG9x6LUPLfL2joA=",
        "owner": "nix-community",
        "repo": "home-manager",
        "rev": "99c9ec63390f1d8c14d95d9e8b17cc29cfbd4e11",
        "type": "github"
      },
      "original": {
        "owner": "nix-community",
        "repo": "home-manager",
        "type": "github"
      }
    },
    "home-manager_2": {
      "inputs": {
        "nixpkgs": [
          "zen-browser",
          "nixpkgs"
        ]
      },
      "locked": {
        "lastModified": 1786719456,
        "narHash": "sha256-B74DLQs/VjlqyhnnX3tguWwghqJHWSJX30TKZuAljIg=",
        "owner": "nix-community",
        "repo": "home-manager",
        "rev": "83b7606dcf44abe3a94b86e8bb2b3355d22e8797",
        "type": "github"
      },
      "original": {
        "owner": "nix-community",
        "repo": "home-manager",
        "type": "github"
      }
    },
    "nix-wire": {
      "inputs": {
        "nixpkgs": [
          "nixvim",
          "nixpkgs"
        ]
      },
      "locked": {
        "lastModified": 1782479845,
        "narHash": "sha256-1PNN+lXsPXjNDX6PktqO61rzn1l2J4BR2dnzcvNsGnw=",
        "owner": "semi710",
        "repo": "nix-wire",
        "rev": "815c977bbc5ebe70a0a7b6262efe36c4452f808a",
        "type": "github"
      },
      "original": {
        "owner": "semi710",
        "repo": "nix-wire",
        "type": "github"
      }
    },
    "nixpkgs": {
      "locked": {
        "lastModified": 1787736819,
        "narHash": "sha256-cV5xEJJK3BvhU8rEd4mC9UsmDi5qscv/kzGPhBRC5WA=",
        "owner": "nixos",
        "repo": "nixpkgs",
        "rev": "9fbb54b33e91ee4ca368e35a78e0613c720600b3",
        "type": "github"
      },
      "original": {
        "owner": "nixos",
        "ref": "nixos-unstable",
        "repo": "nixpkgs",
        "type": "github"
      }
    },
    "nixpkgs-lib": {
      "locked": {
        "lastModified": 1785031560,
        "narHash": "sha256-OmshNvn2vupOFpYinLUu+1Dnpu4n7Q5N3ggGVNHpkUI=",
        "owner": "nix-community",
        "repo": "nixpkgs.lib",
        "rev": "0e79af5e3d4dcfcd676ab5ba3f95d2e3352e078c",
        "type": "github"
      },
      "original": {
        "owner": "nix-community",
        "repo": "nixpkgs.lib",
        "type": "github"
      }
    },
    "nixpkgs_2": {
      "locked": {
        "lastModified": 1787360063,
        "narHash": "sha256-dt4WdcvsA8/RCe+VZZwqU0X+XMM3wBbGCWA0/sFWzGo=",
        "owner": "NixOS",
        "repo": "nixpkgs",
        "rev": "2c423e03bbafcff28bfadc6781a4a8257f205cb5",
        "type": "github"
      },
      "original": {
        "owner": "NixOS",
        "ref": "nixos-unstable",
        "repo": "nixpkgs",
        "type": "github"
      }
    },
    "nixpkgs_3": {
      "locked": {
        "lastModified": 1787172299,
        "narHash": "sha256-PShzS87awOlE5XWkxUGBd/58/F+AtE2ZMgFffKj4r8s=",
        "owner": "NixOS",
        "repo": "nixpkgs",
        "rev": "07e1d92cdc0ed416cfa11ff3ca40d17e61cfba7a",
        "type": "github"
      },
      "original": {
        "owner": "NixOS",
        "ref": "nixpkgs-unstable",
        "repo": "nixpkgs",
        "type": "github"
      }
    },
    "nixpkgs_4": {
      "locked": {
        "lastModified": 1770107345,
        "narHash": "sha256-tbS0Ebx2PiA1FRW8mt8oejR0qMXmziJmPaU1d4kYY9g=",
        "owner": "nixos",
        "repo": "nixpkgs",
        "rev": "4533d9293756b63904b7238acb84ac8fe4c8c2c4",
        "type": "github"
      },
      "original": {
        "owner": "nixos",
        "ref": "nixpkgs-unstable",
        "repo": "nixpkgs",
        "type": "github"
      }
    },
    "nixpkgs_5": {
      "locked": {
        "lastModified": 1786599213,
        "narHash": "sha256-yNJd40f11EzXBjSByCB7IPpeFFAdeoSKKM67dGkfFoU=",
        "owner": "nixos",
        "repo": "nixpkgs",
        "rev": "0e251e24a4f24e036a084b6b4b2d2491af4167f4",
        "type": "github"
      },
      "original": {
        "owner": "nixos",
        "ref": "nixos-unstable",
        "repo": "nixpkgs",
        "type": "github"
      }
    },
    "nixvim": {
      "inputs": {
        "flake-parts": "flake-parts",
        "git-hooks": "git-hooks",
        "nix-wire": "nix-wire",
        "nixpkgs": "nixpkgs_2",
        "nixvim": "nixvim_2",
        "systems": "systems_2",
        "treefmt-nix": "treefmt-nix"
      },
      "locked": {
        "lastModified": 1787977532,
        "narHash": "sha256-MvcYmrKGalH+dallC1JoZT/KI9TY6GMvn6rQxc3WSbc=",
        "ref": "refs/heads/main",
        "rev": "ee79f767a1665c77dd876e2c0a6d31db6e5e047a",
        "revCount": 215,
        "type": "git",
        "url": "file:///home/cai/nixvim/"
      },
      "original": {
        "type": "git",
        "url": "file:///home/cai/nixvim/"
      }
    },
    "nixvim_2": {
      "inputs": {
        "flake-parts": "flake-parts_2",
        "nixpkgs": "nixpkgs_3",
        "systems": "systems"
      },
      "locked": {
        "lastModified": 1787270640,
        "narHash": "sha256-L3ZXW7MSCPsOZz5powJZZqzZLxuPLh9QXHp5shwzqb8=",
        "owner": "nix-community",
        "repo": "nixvim",
        "rev": "bd46166bd8308861cd36984a52ed5d25522d0ba8",
        "type": "github"
      },
      "original": {
        "owner": "nix-community",
        "repo": "nixvim",
        "type": "github"
      }
    },
    "root": {
      "inputs": {
        "home-manager": "home-manager",
        "nixpkgs": "nixpkgs",
        "nixvim": "nixvim",
        "zen-browser": "zen-browser"
      }
    },
    "systems": {
      "flake": false,
      "locked": {
        "lastModified": 1774449309,
        "narHash": "sha256-brhZ8DmuGtzkCYHJg4HEd602amKm89Y9ytsFZ5uWD1w=",
        "owner": "nix-systems",
        "repo": "default",
        "rev": "c29398b59d2048c4ab79345812849c9bd15e9150",
        "type": "github"
      },
      "original": {
        "owner": "nix-systems",
        "ref": "future-26.11",
        "repo": "default",
        "type": "github"
      }
    },
    "systems_2": {
      "locked": {
        "lastModified": 1681028828,
        "narHash": "sha256-Vy1rq5AaRuLzOxct8nz4T6wlgyUR7zLU309k9mBC768=",
        "owner": "nix-systems",
        "repo": "default",
        "rev": "da67096a3b9bf56a91d16901293e51ba5b49a27e",
        "type": "github"
      },
      "original": {
        "owner": "nix-systems",
        "repo": "default",
        "type": "github"
      }
    },
    "treefmt-nix": {
      "inputs": {
        "nixpkgs": "nixpkgs_4"
      },
      "locked": {
        "lastModified": 1786901030,
        "narHash": "sha256-WSFCsDSE5ffgD2MqzkM2CYjeFiKhRF/dJUN8uedb6YE=",
        "owner": "numtide",
        "repo": "treefmt-nix",
        "rev": "27b3b12a8e6375f28ebe122f07d230ca5459bbfa",
        "type": "github"
      },
      "original": {
        "owner": "numtide",
        "repo": "treefmt-nix",
        "type": "github"
      }
    },
    "zen-browser": {
      "inputs": {
        "home-manager": "home-manager_2",
        "nixpkgs": "nixpkgs_5"
      },
      "locked": {
        "lastModified": 1787854095,
        "narHash": "sha256-mnz44qu/aLje0/FOIvH/nNBjKtjIo/oi/32mxGayi9Q=",
        "owner": "0xc000022070",
        "repo": "zen-browser-flake",
        "rev": "99cb519f07578ee8e0e6cdb0cae06d9343a60fe8",
        "type": "github"
      },
      "original": {
        "owner": "0xc000022070",
        "repo": "zen-browser-flake",
        "type": "github"
      }
    }
  },
  "root": "root",
  "version": 7
}
